// !$*UTF8*$!
{
	archiveVersion = 1;
	classes = {
	};
	objectVersion = 46;
	objects = {

/* Begin PBXBuildFile section */
		7C9C8D5318E25F4E00698B09 /* Foundation.framework in Frameworks */ = {isa = PBXBuildFile; fileRef = 7C9C8D5218E25F4E00698B09 /* Foundation.framework */; };
		7C9C8D5518E25F4E00698B09 /* CoreGraphics.framework in Frameworks */ = {isa = PBXBuildFile; fileRef = 7C9C8D5418E25F4E00698B09 /* CoreGraphics.framework */; };
		7C9C8D5718E25F4E00698B09 /* UIKit.framework in Frameworks */ = {isa = PBXBuildFile; fileRef = 7C9C8D5618E25F4E00698B09 /* UIKit.framework */; };
		7C9C8D5D18E25F4E00698B09 /* InfoPlist.strings in Resources */ = {isa = PBXBuildFile; fileRef = 7C9C8D5B18E25F4E00698B09 /* InfoPlist.strings */; };
		7C9C8D5F18E25F4E00698B09 /* main.m in Sources */ = {isa = PBXBuildFile; fileRef = 7C9C8D5E18E25F4E00698B09 /* main.m */; };
		7C9C8D6318E25F4E00698B09 /* TTAppDelegate.m in Sources */ = {isa = PBXBuildFile; fileRef = 7C9C8D6218E25F4E00698B09 /* TTAppDelegate.m */; };
		7C9C8D6518E25F4E00698B09 /* Images.xcassets in Resources */ = {isa = PBXBuildFile; fileRef = 7C9C8D6418E25F4E00698B09 /* Images.xcassets */; };
		7C9C8D6C18E25F4E00698B09 /* XCTest.framework in Frameworks */ = {isa = PBXBuildFile; fileRef = 7C9C8D6B18E25F4E00698B09 /* XCTest.framework */; };
		7C9C8D6D18E25F4E00698B09 /* Foundation.framework in Frameworks */ = {isa = PBXBuildFile; fileRef = 7C9C8D5218E25F4E00698B09 /* Foundation.framework */; };
		7C9C8D6E18E25F4E00698B09 /* UIKit.framework in Frameworks */ = {isa = PBXBuildFile; fileRef = 7C9C8D5618E25F4E00698B09 /* UIKit.framework */; };
		7C9C8D7618E25F4E00698B09 /* InfoPlist.strings in Resources */ = {isa = PBXBuildFile; fileRef = 7C9C8D7418E25F4E00698B09 /* InfoPlist.strings */; };
		7C9C8D7818E25F4E00698B09 /* Tutorial_1Tests.m in Sources */ = {isa = PBXBuildFile; fileRef = 7C9C8D7718E25F4E00698B09 /* Tutorial_1Tests.m */; };
/* End PBXBuildFile section */

/* Begin PBXContainerItemProxy section */
		7C9C8D6F18E25F4E00698B09 /* PBXContainerItemProxy */ = {
			isa = PBXContainerItemProxy;
			containerPortal = 7C9C8D4718E25F4E00698B09 /* Project object */;
			proxyType = 1;
			remoteGlobalIDString = 7C9C8D4E18E25F4E00698B09;
			remoteInfo = "Tutorial 1";
		};
/* End PBXContainerItemProxy section */

/* Begin PBXFileReference section */
		7C9C8D4F18E25F4E00698B09 /* Tutorial 1.app */ = {isa = PBXFileReference; explicitFileType = wrapper.application; includeInIndex = 0; path = "Tutorial 1.app"; sourceTree = BUILT_PRODUCTS_DIR; };
		7C9C8D5218E25F4E00698B09 /* Foundation.framework */ = {isa = PBXFileReference; lastKnownFileType = wrapper.framework; name = Foundation.framework; path = System/Library/Frameworks/Foundation.framework; sourceTree = SDKROOT; };
		7C9C8D5418E25F4E00698B09 /* CoreGraphics.framework */ = {isa = PBXFileReference; lastKnownFileType = wrapper.framework; name = CoreGraphics.framework; path = System/Library/Frameworks/CoreGraphics.framework; sourceTree = SDKROOT; };
		7C9C8D5618E25F4E00698B09 /* UIKit.framework */ = {isa = PBXFileReference; lastKnownFileType = wrapper.framework; name = UIKit.framework; path = System/Library/Frameworks/UIKit.framework; sourceTree = SDKROOT; };
		7C9C8D5A18E25F4E00698B09 /* Tutorial 1-Info.plist */ = {isa = PBXFileReference; lastKnownFileType = text.plist.xml; path = "Tutorial 1-Info.plist"; sourceTree = "<group>"; };
		7C9C8D5C18E25F4E00698B09 /* en */ = {isa = PBXFileReference; lastKnownFileType = text.plist.strings; name = en; path = en.lproj/InfoPlist.strings; sourceTree = "<group>"; };
		7C9C8D5E18E25F4E00698B09 /* main.m */ = {isa = PBXFileReference; lastKnownFileType = sourcecode.c.objc; path = main.m; sourceTree = "<group>"; };
		7C9C8D6018E25F4E00698B09 /* Tutorial 1-Prefix.pch */ = {isa = PBXFileReference; lastKnownFileType = sourcecode.c.h; path = "Tutorial 1-Prefix.pch"; sourceTree = "<group>"; };
		7C9C8D6118E25F4E00698B09 /* TTAppDelegate.h */ = {isa = PBXFileReference; lastKnownFileType = sourcecode.c.h; path = TTAppDelegate.h; sourceTree = "<group>"; };
		7C9C8D6218E25F4E00698B09 /* TTAppDelegate.m */ = {isa = PBXFileReference; lastKnownFileType = sourcecode.c.objc; path = TTAppDelegate.m; sourceTree = "<group>"; };
		7C9C8D6418E25F4E00698B09 /* Images.xcassets */ = {isa = PBXFileReference; lastKnownFileType = folder.assetcatalog; path = Images.xcassets; sourceTree = "<group>"; };
		7C9C8D6A18E25F4E00698B09 /* Tutorial 1Tests.xctest */ = {isa = PBXFileReference; explicitFileType = wrapper.cfbundle; includeInIndex = 0; path = "Tutorial 1Tests.xctest"; sourceTree = BUILT_PRODUCTS_DIR; };
		7C9C8D6B18E25F4E00698B09 /* XCTest.framework */ = {isa = PBXFileReference; lastKnownFileType = wrapper.framework; name = XCTest.framework; path = Library/Frameworks/XCTest.framework; sourceTree = DEVELOPER_DIR; };
		7C9C8D7318E25F4E00698B09 /* Tutorial 1Tests-Info.plist */ = {isa = PBXFileReference; lastKnownFileType = text.plist.xml; path = "Tutorial 1Tests-Info.plist"; sourceTree = "<group>"; };
		7C9C8D7518E25F4E00698B09 /* en */ = {isa = PBXFileReference; lastKnownFileType = text.plist.strings; name = en; path = en.lproj/InfoPlist.strings; sourceTree = "<group>"; };
		7C9C8D7718E25F4E00698B09 /* Tutorial_1Tests.m */ = {isa = PBXFileReference; lastKnownFileType = sourcecode.c.objc; path = Tutorial_1Tests.m; sourceTree = "<group>"; };
/* End PBXFileReference section */

/* Begin PBXFrameworksBuildPhase section */
		7C9C8D4C18E25F4E00698B09 /* Frameworks */ = {
			isa = PBXFrameworksBuildPhase;
			buildActionMask = 2147483647;
			files = (
				7C9C8D5518E25F4E00698B09 /* CoreGraphics.framework in Frameworks */,
				7C9C8D5718E25F4E00698B09 /* UIKit.framework in Frameworks */,
				7C9C8D5318E25F4E00698B09 /* Foundation.framework in Frameworks */,
			);
			runOnlyForDeploymentPostprocessing = 0;
		};
		7C9C8D6718E25F4E00698B09 /* Frameworks */ = {
			isa = PBXFrameworksBuildPhase;
			buildActionMask = 2147483647;
			files = (
				7C9C8D6C18E25F4E00698B09 /* XCTest.framework in Frameworks */,
				7C9C8D6E18E25F4E00698B09 /* UIKit.framework in Frameworks */,
				7C9C8D6D18E25F4E00698B09 /* Foundation.framework in Frameworks */,
			);
			runOnlyForDeploymentPostprocessing = 0;
		};
/* End PBXFrameworksBuildPhase section */

/* Begin PBXGroup section */
		7C9C8D4618E25F4E00698B09 = {
			isa = PBXGroup;
			children = (
				7C9C8D5818E25F4E00698B09 /* Tutorial 1 */,
				7C9C8D7118E25F4E00698B09 /* Tutorial 1Tests */,
				7C9C8D5118E25F4E00698B09 /* Frameworks */,
				7C9C8D5018E25F4E00698B09 /* Products */,
			);
			sourceTree = "<group>";
		};
		7C9C8D5018E25F4E00698B09 /* Products */ = {
			isa = PBXGroup;
			children = (
				7C9C8D4F18E25F4E00698B09 /* Tutorial 1.app */,
				7C9C8D6A18E25F4E00698B09 /* Tutorial 1Tests.xctest */,
			);
			name = Products;
			sourceTree = "<group>";
		};
		7C9C8D5118E25F4E00698B09 /* Frameworks */ = {
			isa = PBXGroup;
			children = (
				7C9C8D5218E25F4E00698B09 /* Foundation.framework */,
				7C9C8D5418E25F4E00698B09 /* CoreGraphics.framework */,
				7C9C8D5618E25F4E00698B09 /* UIKit.framework */,
				7C9C8D6B18E25F4E00698B09 /* XCTest.framework */,
			);
			name = Frameworks;
			sourceTree = "<group>";
		};
		7C9C8D5818E25F4E00698B09 /* Tutorial 1 */ = {
			isa = PBXGroup;
			children = (
				7C9C8D6118E25F4E00698B09 /* TTAppDelegate.h */,
				7C9C8D6218E25F4E00698B09 /* TTAppDelegate.m */,
				7C9C8D6418E25F4E00698B09 /* Images.xcassets */,
				7C9C8D5918E25F4E00698B09 /* Supporting Files */,
			);
			path = "Tutorial 1";
			sourceTree = "<group>";
		};
		7C9C8D5918E25F4E00698B09 /* Supporting Files */ = {
			isa = PBXGroup;
			children = (
				7C9C8D5A18E25F4E00698B09 /* Tutorial 1-Info.plist */,
				7C9C8D5B18E25F4E00698B09 /* InfoPlist.strings */,
				7C9C8D5E18E25F4E00698B09 /* main.m */,
				7C9C8D6018E25F4E00698B09 /* Tutorial 1-Prefix.pch */,
			);
			name = "Supporting Files";
			sourceTree = "<group>";
		};
		7C9C8D7118E25F4E00698B09 /* Tutorial 1Tests */ = {
			isa = PBXGroup;
			children = (
				7C9C8D7718E25F4E00698B09 /* Tutorial_1Tests.m */,
				7C9C8D7218E25F4E00698B09 /* Supporting Files */,
			);
			path = "Tutorial 1Tests";
			sourceTree = "<group>";
		};
		7C9C8D7218E25F4E00698B09 /* Supporting Files */ = {
			isa = PBXGroup;
			children = (
				7C9C8D7318E25F4E00698B09 /* Tutorial 1Tests-Info.plist */,
				7C9C8D7418E25F4E00698B09 /* InfoPlist.strings */,
			);
			name = "Supporting Files";
			sourceTree = "<group>";
		};
/* End PBXGroup section */

/* Begin PBXNativeTarget section */
		7C9C8D4E18E25F4E00698B09 /* Tutorial 1 */ = {
			isa = PBXNativeTarget;
			buildConfigurationList = 7C9C8D7B18E25F4E00698B09 /* Build configuration list for PBXNativeTarget "Tutorial 1" */;
			buildPhases = (
				7C9C8D4B18E25F4E00698B09 /* Sources */,
				7C9C8D4C18E25F4E00698B09 /* Frameworks */,
				7C9C8D4D18E25F4E00698B09 /* Resources */,
			);
			buildRules = (
			);
			dependencies = (
			);
			name = "Tutorial 1";
			productName = "Tutorial 1";
			productReference = 7C9C8D4F18E25F4E00698B09 /* Tutorial 1.app */;
			productType = "com.apple.product-type.application";
		};
		7C9C8D6918E25F4E00698B09 /* Tutorial 1Tests */ = {
			isa = PBXNativeTarget;
			buildConfigurationList = 7C9C8D7E18E25F4E00698B09 /* Build configuration list for PBXNativeTarget "Tutorial 1Tests" */;
			buildPhases = (
				7C9C8D6618E25F4E00698B09 /* Sources */,
				7C9C8D6718E25F4E00698B09 /* Frameworks */,
				7C9C8D6818E25F4E00698B09 /* Resources */,
			);
			buildRules = (
			);
			dependencies = (
				7C9C8D7018E25F4E00698B09 /* PBXTargetDependency */,
			);
			name = "Tutorial 1Tests";
			productName = "Tutorial 1Tests";
			productReference = 7C9C8D6A18E25F4E00698B09 /* Tutorial 1Tests.xctest */;
			productType = "com.apple.product-type.bundle.unit-test";
		};
/* End PBXNativeTarget section */

/* Begin PBXProject section */
		7C9C8D4718E25F4E00698B09 /* Project object */ = {
			isa = PBXProject;
			attributes = {
				CLASSPREFIX = TT;
				LastUpgradeCheck = 0510;
				ORGANIZATIONNAME = "Hanners Software";
				TargetAttributes = {
					7C9C8D6918E25F4E00698B09 = {
						TestTargetID = 7C9C8D4E18E25F4E00698B09;
					};
				};
			};
			buildConfigurationList = 7C9C8D4A18E25F4E00698B09 /* Build configuration list for PBXProject "Tutorial 1" */;
			compatibilityVersion = "Xcode 3.2";
			developmentRegion = English;
			hasScannedForEncodings = 0;
			knownRegions = (
				en,
			);
			mainGroup = 7C9C8D4618E25F4E00698B09;
			productRefGroup = 7C9C8D5018E25F4E00698B09 /* Products */;
			projectDirPath = "";
			projectRoot = "";
			targets = (
				7C9C8D4E18E25F4E00698B09 /* Tutorial 1 */,
				7C9C8D6918E25F4E00698B09 /* Tutorial 1Tests */,
			);
		};
/* End PBXProject section */

/* Begin PBXResourcesBuildPhase section */
		7C9C8D4D18E25F4E00698B09 /* Resources */ = {
			isa = PBXResourcesBuildPhase;
			buildActionMask = 2147483647;
			files = (
				7C9C8D5D18E25F4E00698B09 /* InfoPlist.strings in Resources */,
				7C9C8D6518E25F4E00698B09 /* Images.xcassets in Resources */,
			);
			runOnlyForDeploymentPostprocessing = 0;
		};
		7C9C8D6818E25F4E00698B09 /* Resources */ = {
			isa = PBXResourcesBuildPhase;
			buildActionMask = 2147483647;
			files = (
				7C9C8D7618E25F4E00698B09 /* InfoPlist.strings in Resources */,
			);
			runOnlyForDeploymentPostprocessing = 0;
		};
/* End PBXResourcesBuildPhase section */

/* Begin PBXSourcesBuildPhase section */
		7C9C8D4B18E25F4E00698B09 /* Sources */ = {
			isa = PBXSourcesBuildPhase;
			buildActionMask = 2147483647;
			files = (
				7C9C8D6318E25F4E00698B09 /* TTAppDelegate.m in Sources */,
				7C9C8D5F18E25F4E00698B09 /* main.m in Sources */,
			);
			runOnlyForDeploymentPostprocessing = 0;
		};
		7C9C8D6618E25F4E00698B09 /* Sources */ = {
			isa = PBXSourcesBuildPhase;
			buildActionMask = 2147483647;
			files = (
				7C9C8D7818E25F4E00698B09 /* Tutorial_1Tests.m in Sources */,
			);
			runOnlyForDeploymentPostprocessing = 0;
		};
/* End PBXSourcesBuildPhase section */

/* Begin PBXTargetDependency section */
		7C9C8D7018E25F4E00698B09 /* PBXTargetDependency */ = {
			isa = PBXTargetDependency;
			target = 7C9C8D4E18E25F4E00698B09 /* Tutorial 1 */;
			targetProxy = 7C9C8D6F18E25F4E00698B09 /* PBXContainerItemProxy */;
		};
/* End PBXTargetDependency section */

/* Begin PBXVariantGroup section */
		7C9C8D5B18E25F4E00698B09 /* InfoPlist.strings */ = {
			isa = PBXVariantGroup;
			children = (
				7C9C8D5C18E25F4E00698B09 /* en */,
			);
			name = InfoPlist.strings;
			sourceTree = "<group>";
		};
		7C9C8D7418E25F4E00698B09 /* InfoPlist.strings */ = {
			isa = PBXVariantGroup;
			children = (
				7C9C8D7518E25F4E00698B09 /* en */,
			);
			name = InfoPlist.strings;
			sourceTree = "<group>";
		};
/* End PBXVariantGroup section */

/* Begin XCBuildConfiguration section */
		7C9C8D7918E25F4E00698B09 /* Debug */ = {
			isa = XCBuildConfiguration;
			buildSettings = {
				ALWAYS_SEARCH_USER_PATHS = NO;
				CLANG_CXX_LANGUAGE_STANDARD = "gnu++0x";
				CLANG_CXX_LIBRARY = "libc++";
				CLANG_ENABLE_MODULES = YES;
				CLANG_ENABLE_OBJC_ARC = YES;
				CLANG_WARN_BOOL_CONVERSION = YES;
				CLANG_WARN_CONSTANT_CONVERSION = YES;
				CLANG_WARN_DIRECT_OBJC_ISA_USAGE = YES_ERROR;
				CLANG_WARN_EMPTY_BODY = YES;
				CLANG_WARN_ENUM_CONVERSION = YES;
				CLANG_WARN_INT_CONVERSION = YES;
				CLANG_WARN_OBJC_ROOT_CLASS = YES_ERROR;
				CLANG_WARN__DUPLICATE_METHOD_MATCH = YES;
				"CODE_SIGN_IDENTITY[sdk=iphoneos*]" = "iPhone Developer";
				COPY_PHASE_STRIP = NO;
				GCC_C_LANGUAGE_STANDARD = gnu99;
				GCC_DYNAMIC_NO_PIC = NO;
				GCC_OPTIMIZATION_LEVEL = 0;
				GCC_PREPROCESSOR_DEFINITIONS = (
					"DEBUG=1",
					"$(inherited)",
				);
				GCC_SYMBOLS_PRIVATE_EXTERN = NO;
				GCC_WARN_64_TO_32_BIT_CONVERSION = YES;
				GCC_WARN_ABOUT_RETURN_TYPE = YES_ERROR;
				GCC_WARN_UNDECLARED_SELECTOR = YES;
				GCC_WARN_UNINITIALIZED_AUTOS = YES_AGGRESSIVE;
				GCC_WARN_UNUSED_FUNCTION = YES;
				GCC_WARN_UNUSED_VARIABLE = YES;
				IPHONEOS_DEPLOYMENT_TARGET = 7.1;
				ONLY_ACTIVE_ARCH = YES;
				SDKROOT = iphoneos;
			};
			name = Debug;
		};
		7C9C8D7A18E25F4E00698B09 /* Release */ = {
			isa = XCBuildConfiguration;
			buildSettings = {
				ALWAYS_SEARCH_USER_PATHS = NO;
				CLANG_CXX_LANGUAGE_STANDARD = "gnu++0x";
				CLANG_CXX_LIBRARY = "libc++";
				CLANG_ENABLE_MODULES = YES;
				CLANG_ENABLE_OBJC_ARC = YES;
				CLANG_WARN_BOOL_CONVERSION = YES;
				CLANG_WARN_CONSTANT_CONVERSION = YES;
				CLANG_WARN_DIRECT_OBJC_ISA_USAGE = YES_ERROR;
				CLANG_WARN_EMPTY_BODY = YES;
				CLANG_WARN_ENUM_CONVERSION = YES;
				CLANG_WARN_INT_CONVERSION = YES;
				CLANG_WARN_OBJC_ROOT_CLASS = YES_ERROR;
				CLANG_WARN__DUPLICATE_METHOD_MATCH = YES;
				"CODE_SIGN_IDENTITY[sdk=iphoneos*]" = "iPhone Developer";
				COPY_PHASE_STRIP = YES;
				ENABLE_NS_ASSERTIONS = NO;
				GCC_C_LANGUAGE_STANDARD = gnu99;
				GCC_WARN_64_TO_32_BIT_CONVERSION = YES;
				GCC_WARN_ABOUT_RETURN_TYPE = YES_ERROR;
				GCC_WARN_UNDECLARED_SELECTOR = YES;
				GCC_WARN_UNINITIALIZED_AUTOS = YES_AGGRESSIVE;
				GCC_WARN_UNUSED_FUNCTION = YES;
				GCC_WARN_UNUSED_VARIABLE = YES;
				IPHONEOS_DEPLOYMENT_TARGET = 7.1;
				SDKROOT = iphoneos;
				VALIDATE_PRODUCT = YES;
			};
			name = Release;
		};
		7C9C8D7C18E25F4E00698B09 /* Debug */ = {
			isa = XCBuildConfiguration;
			buildSettings = {
				ASSETCATALOG_COMPILER_APPICON_NAME = AppIcon;
				ASSETCATALOG_COMPILER_LAUNCHIMAGE_NAME = LaunchImage;
				GCC_PRECOMPILE_PREFIX_HEADER = YES;
				GCC_PREFIX_HEADER = "Tutorial 1/Tutorial 1-Prefix.pch";
				INFOPLIST_FILE = "Tutorial 1/Tutorial 1-Info.plist";
				PRODUCT_NAME = "$(TARGET_NAME)";
				WRAPPER_EXTENSION = app;
			};
			name = Debug;
		};
		7C9C8D7D18E25F4E00698B09 /* Release */ = {
			isa = XCBuildConfiguration;
			buildSettings = {
				ASSETCATALOG_COMPILER_APPICON_NAME = AppIcon;
				ASSETCATALOG_COMPILER_LAUNCHIMAGE_NAME = LaunchImage;
				GCC_PRECOMPILE_PREFIX_HEADER = YES;
				GCC_PREFIX_HEADER = "Tutorial 1/Tutorial 1-Prefix.pch";
				INFOPLIST_FILE = "Tutorial 1/Tutorial 1-Info.plist";
				PRODUCT_NAME = "$(TARGET_NAME)";
				WRAPPER_EXTENSION = app;
			};
			name = Release;
		};
		7C9C8D7F18E25F4E00698B09 /* Debug */ = {
			isa = XCBuildConfiguration;
			buildSettings = {
				BUNDLE_LOADER = "$(BUILT_PRODUCTS_DIR)/Tutorial 1.app/Tutorial 1";
				FRAMEWORK_SEARCH_PATHS = (
					"$(SDKROOT)/Developer/Library/Frameworks",
					"$(inherited)",
					"$(DEVELOPER_FRAMEWORKS_DIR)",
				);
				GCC_PRECOMPILE_PREFIX_HEADER = YES;
				GCC_PREFIX_HEADER = "Tutorial 1/Tutorial 1-Prefix.pch";
				GCC_PREPROCESSOR_DEFINITIONS = (
					"DEBUG=1",
					"$(inherited)",
				);
				INFOPLIST_FILE = "Tutorial 1Tests/Tutorial 1Tests-Info.plist";
				PRODUCT_NAME = "$(TARGET_NAME)";
				TEST_HOST = "$(BUNDLE_LOADER)";
				WRAPPER_EXTENSION = xctest;
			};
			name = Debug;
		};
		7C9C8D8018E25F4E00698B09 /* Release */ = {
			isa = XCBuildConfiguration;
			buildSettings = {
				BUNDLE_LOADER = "$(BUILT_PRODUCTS_DIR)/Tutorial 1.app/Tutorial 1";
				FRAMEWORK_SEARCH_PATHS = (
					"$(SDKROOT)/Developer/Library/Frameworks",
					"$(inherited)",
					"$(DEVELOPER_FRAMEWORKS_DIR)",
				);
				GCC_PRECOMPILE_PREFIX_HEADER = YES;
				GCC_PREFIX_HEADER = "Tutorial 1/Tutorial 1-Prefix.pch";
				INFOPLIST_FILE = "Tutorial 1Tests/Tutorial 1Tests-Info.plist";
				PRODUCT_NAME = "$(TARGET_NAME)";
				TEST_HOST = "$(BUNDLE_LOADER)";
				WRAPPER_EXTENSION = xctest;
			};
			name = Release;
		};
/* End XCBuildConfiguration section */

/* Begin XCConfigurationList section */
		7C9C8D4A18E25F4E00698B09 /* Build configuration list for PBXProject "Tutorial 1" */ = {
			isa = XCConfigurationList;
			buildConfigurations = (
				7C9C8D7918E25F4E00698B09 /* Debug */,
				7C9C8D7A18E25F4E00698B09 /* Release */,
			);
			defaultConfigurationIsVisible = 0;
			defaultConfigurationName = Release;
		};
		7C9C8D7B18E25F4E00698B09 /* Build configuration list for PBXNativeTarget "Tutorial 1" */ = {
			isa = XCConfigurationList;
			buildConfigurations = (
				7C9C8D7C18E25F4E00698B09 /* Debug */,
				7C9C8D7D18E25F4E00698B09 /* Release */,
			);
			defaultConfigurationIsVisible = 0;
		};
		7C9C8D7E18E25F4E00698B09 /* Build configuration list for PBXNativeTarget "Tutorial 1Tests" */ = {
			isa = XCConfigurationList;
			buildConfigurations = (
				7C9C8D7F18E25F4E00698B09 /* Debug */,
				7C9C8D8018E25F4E00698B09 /* Release */,
			);
			defaultConfigurationIsVisible = 0;
		};
/* End XCConfigurationList section */
	};
	rootObject = 7C9C8D4718E25F4E00698B09 /* Project object */;
}
